
Microsoft Visual Studio Solution File, Format Version 12.00
# Visual Studio 15
VisualStudioVersion = 15.0.27130.2027
MinimumVisualStudioVersion = 10.0.40219.1
Project("{FAE04EC0-301F-11D3-BF4B-00C04F79EFBC}") = "MD_MVC", "MD_MVC\MD_MVC.csproj", "{AAC3989B-B266-4F0C-8294-4F0F7DBEA037}"
EndProject
Project("{FAE04EC0-301F-11D3-BF4B-00C04F79EFBC}") = "Modelos", "Modelos\Modelos.csproj", "{B617547B-F917-4AD3-A7A7-ED366C86E0FA}"
EndProject
Project("{FAE04EC0-301F-11D3-BF4B-00C04F79EFBC}") = "Pruebas", "Pruebas\Pruebas.csproj", "{EF2CAADE-5FE1-487D-A036-90395DB0B861}"
EndProject
Global
	GlobalSection(SolutionConfigurationPlatforms) = preSolution
		Debug|Any CPU = Debug|Any CPU
		Release|Any CPU = Release|Any CPU
	EndGlobalSection
	GlobalSection(ProjectConfigurationPlatforms) = postSolution
		{AAC3989B-B266-4F0C-8294-4F0F7DBEA037}.Debug|Any CPU.ActiveCfg = Debug|Any CPU
		{AAC3989B-B266-4F0C-8294-4F0F7DBEA037}.Debug|Any CPU.Build.0 = Debug|Any CPU
		{AAC3989B-B266-4F0C-8294-4F0F7DBEA037}.Release|Any CPU.ActiveCfg = Release|Any CPU
		{AAC3989B-B266-4F0C-8294-4F0F7DBEA037}.Release|Any CPU.Build.0 = Release|Any CPU
		{B617547B-F917-4AD3-A7A7-ED366C86E0FA}.Debug|Any CPU.ActiveCfg = Debug|Any CPU
		{B617547B-F917-4AD3-A7A7-ED366C86E0FA}.Debug|Any CPU.Build.0 = Debug|Any CPU
		{B617547B-F917-4AD3-A7A7-ED366C86E0FA}.Release|Any CPU.ActiveCfg = Release|Any CPU
		{B617547B-F917-4AD3-A7A7-ED366C86E0FA}.Release|Any CPU.Build.0 = Release|Any CPU
		{EF2CAADE-5FE1-487D-A036-90395DB0B861}.Debug|Any CPU.ActiveCfg = Debug|Any CPU
		{EF2CAADE-5FE1-487D-A036-90395DB0B861}.Debug|Any CPU.Build.0 = Debug|Any CPU
		{EF2CAADE-5FE1-487D-A036-90395DB0B861}.Release|Any CPU.ActiveCfg = Release|Any CPU
		{EF2CAADE-5FE1-487D-A036-90395DB0B861}.Release|Any CPU.Build.0 = Release|Any CPU
	EndGlobalSection
	GlobalSection(SolutionProperties) = preSolution
		HideSolutionNode = FALSE
	EndGlobalSection
	GlobalSection(ExtensibilityGlobals) = postSolution
		SolutionGuid = {5AA8B89E-50AC-445B-882B-E4DCB8221473}
	EndGlobalSection
EndGlobal
